
Microsoft Visual Studio Solution File, Format Version 12.00
# Visual Studio Version 17
VisualStudioVersion = 17.9.34728.123
MinimumVisualStudioVersion = 10.0.40219.1
Project("{FAE04EC0-301F-11D3-BF4B-00C04F79EFBC}") = "TechLibrary.Api", "TechLibrary.Api\TechLibrary.Api.csproj", "{EE858653-E9E5-48AD-8DD3-0F4F2339E1DE}"
EndProject
Project("{FAE04EC0-301F-11D3-BF4B-00C04F79EFBC}") = "TechLibrary.Communication", "TechLibrary.Communication\TechLibrary.Communication.csproj", "{E11FF88A-BC6E-467D-921B-62F0276E01A7}"
EndProject
Project("{FAE04EC0-301F-11D3-BF4B-00C04F79EFBC}") = "TechLibrary.Exception", "TechLibrary.Exception\TechLibrary.Exception.csproj", "{66BA8391-9FA3-42E8-B1A3-B89DB5A0C677}"
EndProject
Global
	GlobalSection(SolutionConfigurationPlatforms) = preSolution
		Debug|Any CPU = Debug|Any CPU
		Release|Any CPU = Release|Any CPU
	EndGlobalSection
	GlobalSection(ProjectConfigurationPlatforms) = postSolution
		{EE858653-E9E5-48AD-8DD3-0F4F2339E1DE}.Debug|Any CPU.ActiveCfg = Debug|Any CPU
		{EE858653-E9E5-48AD-8DD3-0F4F2339E1DE}.Debug|Any CPU.Build.0 = Debug|Any CPU
		{EE858653-E9E5-48AD-8DD3-0F4F2339E1DE}.Release|Any CPU.ActiveCfg = Release|Any CPU
		{EE858653-E9E5-48AD-8DD3-0F4F2339E1DE}.Release|Any CPU.Build.0 = Release|Any CPU
		{E11FF88A-BC6E-467D-921B-62F0276E01A7}.Debug|Any CPU.ActiveCfg = Debug|Any CPU
		{E11FF88A-BC6E-467D-921B-62F0276E01A7}.Debug|Any CPU.Build.0 = Debug|Any CPU
		{E11FF88A-BC6E-467D-921B-62F0276E01A7}.Release|Any CPU.ActiveCfg = Release|Any CPU
		{E11FF88A-BC6E-467D-921B-62F0276E01A7}.Release|Any CPU.Build.0 = Release|Any CPU
		{66BA8391-9FA3-42E8-B1A3-B89DB5A0C677}.Debug|Any CPU.ActiveCfg = Debug|Any CPU
		{66BA8391-9FA3-42E8-B1A3-B89DB5A0C677}.Debug|Any CPU.Build.0 = Debug|Any CPU
		{66BA8391-9FA3-42E8-B1A3-B89DB5A0C677}.Release|Any CPU.ActiveCfg = Release|Any CPU
		{66BA8391-9FA3-42E8-B1A3-B89DB5A0C677}.Release|Any CPU.Build.0 = Release|Any CPU
	EndGlobalSection
	GlobalSection(SolutionProperties) = preSolution
		HideSolutionNode = FALSE
	EndGlobalSection
	GlobalSection(ExtensibilityGlobals) = postSolution
		SolutionGuid = {FCFCD79D-6995-4F71-8060-1256DFA6283D}
	EndGlobalSection
EndGlobal
